
Microsoft Visual Studio Solution File, Format Version 12.00
# Visual Studio Version 17
VisualStudioVersion = 17.3.32929.385
MinimumVisualStudioVersion = 10.0.40219.1
Project("{FAE04EC0-301F-11D3-BF4B-00C04F79EFBC}") = "cTools", "cTools.csproj", "{B4694357-FB75-4890-9E73-0CB4687896EA}"
EndProject
Global
	GlobalSection(SolutionConfigurationPlatforms) = preSolution
		Debug|Any CPU = Debug|Any CPU
		Release|Any CPU = Release|Any CPU
	EndGlobalSection
	GlobalSection(ProjectConfigurationPlatforms) = postSolution
		{B4694357-FB75-4890-9E73-0CB4687896EA}.Debug|Any CPU.ActiveCfg = Debug|Any CPU
		{B4694357-FB75-4890-9E73-0CB4687896EA}.Debug|Any CPU.Build.0 = Debug|Any CPU
		{B4694357-FB75-4890-9E73-0CB4687896EA}.Release|Any CPU.ActiveCfg = Release|Any CPU
		{B4694357-FB75-4890-9E73-0CB4687896EA}.Release|Any CPU.Build.0 = Release|Any CPU
	EndGlobalSection
	GlobalSection(SolutionProperties) = preSolution
		HideSolutionNode = FALSE
	EndGlobalSection
	GlobalSection(ExtensibilityGlobals) = postSolution
		SolutionGuid = {3F34D72C-A173-4568-8903-E24D4501117C}
	EndGlobalSection
EndGlobal
